
Microsoft Visual Studio Solution File, Format Version 12.00
# Visual Studio Version 17
VisualStudioVersion = 17.0.31903.59
MinimumVisualStudioVersion = 10.0.40219.1
Project("{2150E333-8FDC-42A3-9474-1A3956D46DE8}") = "src", "src", "{827E0CD3-B72D-47B6-A68D-7590B98EB39B}"
EndProject
Project("{FAE04EC0-301F-11D3-BF4B-00C04F79EFBC}") = "SistemaTs.Core", "src\SistemaTs.Core\SistemaTs.Core.csproj", "{25384E07-7DE7-4458-8316-8773BF237C19}"
EndProject
Project("{FAE04EC0-301F-11D3-BF4B-00C04F79EFBC}") = "SistemaTs.Infrastructure", "src\SistemaTs.Infrastructure\SistemaTs.Infrastructure.csproj", "{88ECA340-0BF6-4D56-B31B-7535DA15C9CC}"
EndProject
Project("{FAE04EC0-301F-11D3-BF4B-00C04F79EFBC}") = "SistemaTs.Api", "src\SistemaTs.Api\SistemaTs.Api.csproj", "{31A843FE-2212-425E-AF62-B2C6563073A5}"
EndProject
Project("{2150E333-8FDC-42A3-9474-1A3956D46DE8}") = "tests", "tests", "{0AB3BF05-4346-4AA6-1389-037BE0695223}"
EndProject
Project("{FAE04EC0-301F-11D3-BF4B-00C04F79EFBC}") = "SistemaTs.UnitTests", "tests\SistemaTs.UnitTests\SistemaTs.UnitTests.csproj", "{DB36F2FC-E77B-4F67-9004-EA64F49EE279}"
EndProject
Global
	GlobalSection(SolutionConfigurationPlatforms) = preSolution
		Debug|Any CPU = Debug|Any CPU
		Debug|x64 = Debug|x64
		Debug|x86 = Debug|x86
		Release|Any CPU = Release|Any CPU
		Release|x64 = Release|x64
		Release|x86 = Release|x86
	EndGlobalSection
	GlobalSection(ProjectConfigurationPlatforms) = postSolution
		{25384E07-7DE7-4458-8316-8773BF237C19}.Debug|Any CPU.ActiveCfg = Debug|Any CPU
		{25384E07-7DE7-4458-8316-8773BF237C19}.Debug|Any CPU.Build.0 = Debug|Any CPU
		{25384E07-7DE7-4458-8316-8773BF237C19}.Debug|x64.ActiveCfg = Debug|Any CPU
		{25384E07-7DE7-4458-8316-8773BF237C19}.Debug|x64.Build.0 = Debug|Any CPU
		{25384E07-7DE7-4458-8316-8773BF237C19}.Debug|x86.ActiveCfg = Debug|Any CPU
		{25384E07-7DE7-4458-8316-8773BF237C19}.Debug|x86.Build.0 = Debug|Any CPU
		{25384E07-7DE7-4458-8316-8773BF237C19}.Release|Any CPU.ActiveCfg = Release|Any CPU
		{25384E07-7DE7-4458-8316-8773BF237C19}.Release|Any CPU.Build.0 = Release|Any CPU
		{25384E07-7DE7-4458-8316-8773BF237C19}.Release|x64.ActiveCfg = Release|Any CPU
		{25384E07-7DE7-4458-8316-8773BF237C19}.Release|x64.Build.0 = Release|Any CPU
		{25384E07-7DE7-4458-8316-8773BF237C19}.Release|x86.ActiveCfg = Release|Any CPU
		{25384E07-7DE7-4458-8316-8773BF237C19}.Release|x86.Build.0 = Release|Any CPU
		{88ECA340-0BF6-4D56-B31B-7535DA15C9CC}.Debug|Any CPU.ActiveCfg = Debug|Any CPU
		{88ECA340-0BF6-4D56-B31B-7535DA15C9CC}.Debug|Any CPU.Build.0 = Debug|Any CPU
		{88ECA340-0BF6-4D56-B31B-7535DA15C9CC}.Debug|x64.ActiveCfg = Debug|Any CPU
		{88ECA340-0BF6-4D56-B31B-7535DA15C9CC}.Debug|x64.Build.0 = Debug|Any CPU
		{88ECA340-0BF6-4D56-B31B-7535DA15C9CC}.Debug|x86.ActiveCfg = Debug|Any CPU
		{88ECA340-0BF6-4D56-B31B-7535DA15C9CC}.Debug|x86.Build.0 = Debug|Any CPU
		{88ECA340-0BF6-4D56-B31B-7535DA15C9CC}.Release|Any CPU.ActiveCfg = Release|Any CPU
		{88ECA340-0BF6-4D56-B31B-7535DA15C9CC}.Release|Any CPU.Build.0 = Release|Any CPU
		{88ECA340-0BF6-4D56-B31B-7535DA15C9CC}.Release|x64.ActiveCfg = Release|Any CPU
		{88ECA340-0BF6-4D56-B31B-7535DA15C9CC}.Release|x64.Build.0 = Release|Any CPU
		{88ECA340-0BF6-4D56-B31B-7535DA15C9CC}.Release|x86.ActiveCfg = Release|Any CPU
		{88ECA340-0BF6-4D56-B31B-7535DA15C9CC}.Release|x86.Build.0 = Release|Any CPU
		{31A843FE-2212-425E-AF62-B2C6563073A5}.Debug|Any CPU.ActiveCfg = Debug|Any CPU
		{31A843FE-2212-425E-AF62-B2C6563073A5}.Debug|Any CPU.Build.0 = Debug|Any CPU
		{31A843FE-2212-425E-AF62-B2C6563073A5}.Debug|x64.ActiveCfg = Debug|Any CPU
		{31A843FE-2212-425E-AF62-B2C6563073A5}.Debug|x64.Build.0 = Debug|Any CPU
		{31A843FE-2212-425E-AF62-B2C6563073A5}.Debug|x86.ActiveCfg = Debug|Any CPU
		{31A843FE-2212-425E-AF62-B2C6563073A5}.Debug|x86.Build.0 = Debug|Any CPU
		{31A843FE-2212-425E-AF62-B2C6563073A5}.Release|Any CPU.ActiveCfg = Release|Any CPU
		{31A843FE-2212-425E-AF62-B2C6563073A5}.Release|Any CPU.Build.0 = Release|Any CPU
		{31A843FE-2212-425E-AF62-B2C6563073A5}.Release|x64.ActiveCfg = Release|Any CPU
		{31A843FE-2212-425E-AF62-B2C6563073A5}.Release|x64.Build.0 = Release|Any CPU
		{31A843FE-2212-425E-AF62-B2C6563073A5}.Release|x86.ActiveCfg = Release|Any CPU
		{31A843FE-2212-425E-AF62-B2C6563073A5}.Release|x86.Build.0 = Release|Any CPU
		{DB36F2FC-E77B-4F67-9004-EA64F49EE279}.Debug|Any CPU.ActiveCfg = Debug|Any CPU
		{DB36F2FC-E77B-4F67-9004-EA64F49EE279}.Debug|Any CPU.Build.0 = Debug|Any CPU
		{DB36F2FC-E77B-4F67-9004-EA64F49EE279}.Debug|x64.ActiveCfg = Debug|Any CPU
		{DB36F2FC-E77B-4F67-9004-EA64F49EE279}.Debug|x64.Build.0 = Debug|Any CPU
		{DB36F2FC-E77B-4F67-9004-EA64F49EE279}.Debug|x86.ActiveCfg = Debug|Any CPU
		{DB36F2FC-E77B-4F67-9004-EA64F49EE279}.Debug|x86.Build.0 = Debug|Any CPU
		{DB36F2FC-E77B-4F67-9004-EA64F49EE279}.Release|Any CPU.ActiveCfg = Release|Any CPU
		{DB36F2FC-E77B-4F67-9004-EA64F49EE279}.Release|Any CPU.Build.0 = Release|Any CPU
		{DB36F2FC-E77B-4F67-9004-EA64F49EE279}.Release|x64.ActiveCfg = Release|Any CPU
		{DB36F2FC-E77B-4F67-9004-EA64F49EE279}.Release|x64.Build.0 = Release|Any CPU
		{DB36F2FC-E77B-4F67-9004-EA64F49EE279}.Release|x86.ActiveCfg = Release|Any CPU
		{DB36F2FC-E77B-4F67-9004-EA64F49EE279}.Release|x86.Build.0 = Release|Any CPU
	EndGlobalSection
	GlobalSection(SolutionProperties) = preSolution
		HideSolutionNode = FALSE
	EndGlobalSection
	GlobalSection(NestedProjects) = preSolution
		{25384E07-7DE7-4458-8316-8773BF237C19} = {827E0CD3-B72D-47B6-A68D-7590B98EB39B}
		{88ECA340-0BF6-4D56-B31B-7535DA15C9CC} = {827E0CD3-B72D-47B6-A68D-7590B98EB39B}
		{31A843FE-2212-425E-AF62-B2C6563073A5} = {827E0CD3-B72D-47B6-A68D-7590B98EB39B}
		{DB36F2FC-E77B-4F67-9004-EA64F49EE279} = {0AB3BF05-4346-4AA6-1389-037BE0695223}
	EndGlobalSection
EndGlobal
